
Microsoft Visual Studio Solution File, Format Version 12.00
# Visual Studio 2013
VisualStudioVersion = 12.0.31101.0
MinimumVisualStudioVersion = 10.0.40219.1
Project("{FAE04EC0-301F-11D3-BF4B-00C04F79EFBC}") = "MsVisionDog.Web", "MsVisionDog.Web\MsVisionDog.Web.csproj", "{E56808EB-BA9D-4DC6-B637-621A632EEA49}"
EndProject
Project("{FAE04EC0-301F-11D3-BF4B-00C04F79EFBC}") = "MsVisionDog.WebJob", "MsVisionDog.WebJob\MsVisionDog.WebJob.csproj", "{C7372DD8-FAF9-4643-BD2D-94EDF4533189}"
EndProject
Project("{FAE04EC0-301F-11D3-BF4B-00C04F79EFBC}") = "MsVisionDog.Common", "MsVisionDog.Common\MsVisionDog.Common.csproj", "{4FD6C3EC-8CBA-440D-A8D3-B3CA4AE3F30A}"
EndProject
Project("{2150E333-8FDC-42A3-9474-1A3956D46DE8}") = "Solution Items", "Solution Items", "{87C85590-85B0-41B1-A811-A57DDB12D1C7}"
	ProjectSection(SolutionItems) = preProject
		Screenshots\home.png = Screenshots\home.png
		Screenshots\images.png = Screenshots\images.png
		LICENSE.md = LICENSE.md
		README.md = README.md
	EndProjectSection
EndProject
Global
	GlobalSection(SolutionConfigurationPlatforms) = preSolution
		Debug|Any CPU = Debug|Any CPU
		Release|Any CPU = Release|Any CPU
	EndGlobalSection
	GlobalSection(ProjectConfigurationPlatforms) = postSolution
		{E56808EB-BA9D-4DC6-B637-621A632EEA49}.Debug|Any CPU.ActiveCfg = Debug|Any CPU
		{E56808EB-BA9D-4DC6-B637-621A632EEA49}.Debug|Any CPU.Build.0 = Debug|Any CPU
		{E56808EB-BA9D-4DC6-B637-621A632EEA49}.Release|Any CPU.ActiveCfg = Release|Any CPU
		{E56808EB-BA9D-4DC6-B637-621A632EEA49}.Release|Any CPU.Build.0 = Release|Any CPU
		{C7372DD8-FAF9-4643-BD2D-94EDF4533189}.Debug|Any CPU.ActiveCfg = Debug|Any CPU
		{C7372DD8-FAF9-4643-BD2D-94EDF4533189}.Debug|Any CPU.Build.0 = Debug|Any CPU
		{C7372DD8-FAF9-4643-BD2D-94EDF4533189}.Release|Any CPU.ActiveCfg = Release|Any CPU
		{C7372DD8-FAF9-4643-BD2D-94EDF4533189}.Release|Any CPU.Build.0 = Release|Any CPU
		{4FD6C3EC-8CBA-440D-A8D3-B3CA4AE3F30A}.Debug|Any CPU.ActiveCfg = Debug|Any CPU
		{4FD6C3EC-8CBA-440D-A8D3-B3CA4AE3F30A}.Debug|Any CPU.Build.0 = Debug|Any CPU
		{4FD6C3EC-8CBA-440D-A8D3-B3CA4AE3F30A}.Release|Any CPU.ActiveCfg = Release|Any CPU
		{4FD6C3EC-8CBA-440D-A8D3-B3CA4AE3F30A}.Release|Any CPU.Build.0 = Release|Any CPU
	EndGlobalSection
	GlobalSection(SolutionProperties) = preSolution
		HideSolutionNode = FALSE
	EndGlobalSection
EndGlobal
